<?xml version="1.0" encoding="utf-8"?>
<Project ToolsVersion="4.0" xmlns="http://schemas.microsoft.com/developer/msbuild/2003">
  <ItemGroup>
    <Filter Include="Source Files">
      <UniqueIdentifier>{4FC737F1-C7A5-4376-A066-2A32D752A2FF}</UniqueIdentifier>
      <Extensions>cpp;c;cc;cxx;c++;cppm;ixx;def;odl;idl;hpj;bat;asm;asmx</Extensions>
    </Filter>
    <Filter Include="Header Files">
      <UniqueIdentifier>{93995380-89BD-4b04-88EB-625FBE52EBFB}</UniqueIdentifier>
      <Extensions>h;hh;hpp;hxx;h++;hm;inl;inc;ipp;xsd</Extensions>
    </Filter>
    <Filter Include="Resource Files">
      <UniqueIdentifier>{67DA6AB6-F800-4c08-8B7A-83BB121AAD01}</UniqueIdentifier>
      <Extensions>rc;ico;cur;bmp;dlg;rc2;rct;bin;rgs;gif;jpg;jpeg;jpe;resx;tiff;tif;png;wav;mfcribbon-ms</Extensions>
    </Filter>
    <Filter Include="Resource Files\Shaders">
      <UniqueIdentifier>{e4e01f6e-282d-4f75-9954-4b13c8d06497}</UniqueIdentifier>
    </Filter>
    <Filter Include="Resource Files\Textures">
      <UniqueIdentifier>{c710a9ec-4330-4571-a314-528aef43e205}</UniqueIdentifier>
    </Filter>
    <Filter Include="Resource Files\Mains">
      <UniqueIdentifier>{0dce1396-7176-4a8b-b6f5-34bc5a6f9745}</UniqueIdentifier>
    </Filter>
    <Filter Include="Resource Files\Shaders\Instancing">
      <UniqueIdentifier>{01ce59ab-8de4-4a0f-b59b-7edf45ae36eb}</UniqueIdentifier>
    </Filter>
  </ItemGroup>
  <ItemGroup>
    <ClCompile Include="glad.c">
      <Filter>Source Files</Filter>
    </ClCompile>
    <ClCompile Include="Main.cpp">
      <Filter>Source Files</Filter>
    </ClCompile>
    <ClCompile Include="stb.cpp">
      <Filter>Source Files</Filter>
    </ClCompile>
  </ItemGroup>
  <ItemGroup>
    <None Include="default.vert">
      <Filter>Resource Files\Shaders</Filter>
    </None>
    <None Include="default.frag">
      <Filter>Resource Files\Shaders</Filter>
    </None>
    <None Include="light.frag">
      <Filter>Resource Files\Shaders</Filter>
    </None>
    <None Include="light.vert">
      <Filter>Resource Files\Shaders</Filter>
    </None>
    <None Include="modelLoading.vert">
      <Filter>Resource Files\Shaders</Filter>
    </None>
    <None Include="modelLoading.frag">
      <Filter>Resource Files\Shaders</Filter>
    </None>
    <None Include="depthBuffer.frag">
      <Filter>Resource Files\Shaders</Filter>
    </None>
    <None Include="stencilTesting.vert">
      <Filter>Resource Files\Shaders</Filter>
    </None>
    <None Include="stencilTesting.frag">
      <Filter>Resource Files\Shaders</Filter>
    </None>
    <None Include="stencilTestingFlatColor.frag">
      <Filter>Resource Files\Shaders</Filter>
    </None>
    <None Include="blending.frag">
      <Filter>Resource Files\Shaders</Filter>
    </None>
    <None Include="blending.vert">
      <Filter>Resource Files\Shaders</Filter>
    </None>
    <None Include="framebufferScreen.vert">
      <Filter>Resource Files\Shaders</Filter>
    </None>
    <None Include="framebufferScreen.frag">
      <Filter>Resource Files\Shaders</Filter>
    </None>
    <None Include="cubemap.vert">
      <Filter>Resource Files\Shaders</Filter>
    </None>
    <None Include="cubemap.frag">
      <Filter>Resource Files\Shaders</Filter>
    </None>
    <None Include="skybox.vert">
      <Filter>Resource Files\Shaders</Filter>
    </None>
    <None Include="skybox.frag">
      <Filter>Resource Files\Shaders</Filter>
    </None>
    <None Include="advancedGLSL.vert">
      <Filter>Resource Files\Shaders</Filter>
    </None>
    <None Include="red.frag">
      <Filter>Resource Files\Shaders</Filter>
    </None>
    <None Include="green.frag">
      <Filter>Resource Files\Shaders</Filter>
    </None>
    <None Include="blue.frag">
      <Filter>Resource Files\Shaders</Filter>
    </None>
    <None Include="yellow.frag">
      <Filter>Resource Files\Shaders</Filter>
    </None>
    <None Include="normalVisualization.vert">
      <Filter>Resource Files\Shaders</Filter>
    </None>
    <None Include="normalVisualization.frag">
      <Filter>Resource Files\Shaders</Filter>
    </None>
    <None Include="normalVisualization.geom">
      <Filter>Resource Files\Shaders</Filter>
    </None>
    <None Include="planet.vert">
      <Filter>Resource Files\Shaders\Instancing</Filter>
    </None>
    <None Include="planet.frag">
      <Filter>Resource Files\Shaders\Instancing</Filter>
    </None>
    <None Include="asteroid.vert">
      <Filter>Resource Files\Shaders\Instancing</Filter>
    </None>
    <None Include="asteroid.frag">
      <Filter>Resource Files\Shaders\Instancing</Filter>
    </None>
  </ItemGroup>
  <ItemGroup>
    <ClInclude Include="Shader.h">
      <Filter>Header Files</Filter>
    </ClInclude>
    <ClInclude Include="Camera.h">
      <Filter>Header Files</Filter>
    </ClInclude>
    <ClInclude Include="Model.h">
      <Filter>Header Files</Filter>
    </ClInclude>
    <ClInclude Include="Mesh.h">
      <Filter>Header Files</Filter>
    </ClInclude>
  </ItemGroup>
  <ItemGroup>
    <Image Include="resources\textures\marble.jpg">
      <Filter>Resource Files\Textures</Filter>
    </Image>
    <Image Include="resources\textures\metal.png">
      <Filter>Resource Files\Textures</Filter>
    </Image>
    <Image Include="resources\textures\window.png">
      <Filter>Resource Files\Textures</Filter>
    </Image>
    <Image Include="resources\textures\container2.png">
      <Filter>Resource Files\Textures</Filter>
    </Image>
    <Image Include="resources\textures\container2_specular.png">
      <Filter>Resource Files\Textures</Filter>
    </Image>
  </ItemGroup>
  <ItemGroup>
    <Text Include="Getting_started_and_Lighting.txt">
      <Filter>Resource Files\Mains</Filter>
    </Text>
    <Text Include="Model_loading.txt">
      <Filter>Resource Files\Mains</Filter>
    </Text>
    <Text Include="Stencil_testing.txt">
      <Filter>Resource Files\Mains</Filter>
    </Text>
    <Text Include="Blending_and_Face_culling.txt">
      <Filter>Resource Files\Mains</Filter>
    </Text>
    <Text Include="Framebuffer_and_Post_processing.txt">
      <Filter>Resource Files\Mains</Filter>
    </Text>
    <Text Include="Cubemaps.txt">
      <Filter>Resource Files\Mains</Filter>
    </Text>
    <Text Include="Advanced_GLSL.txt">
      <Filter>Resource Files\Mains</Filter>
    </Text>
    <Text Include="Geometry_shader.txt">
      <Filter>Resource Files\Mains</Filter>
    </Text>
  </ItemGroup>
</Project>