<?xml version="1.0" encoding="utf-8"?>
<Project ToolsVersion="4.0" xmlns="http://schemas.microsoft.com/developer/msbuild/2003">
  <ItemGroup>
    <Filter Include="Source Files">
      <UniqueIdentifier>{4FC737F1-C7A5-4376-A066-2A32D752A2FF}</UniqueIdentifier>
      <Extensions>cpp;c;cc;cxx;c++;cppm;ixx;def;odl;idl;hpj;bat;asm;asmx</Extensions>
    </Filter>
    <Filter Include="Header Files">
      <UniqueIdentifier>{93995380-89BD-4b04-88EB-625FBE52EBFB}</UniqueIdentifier>
      <Extensions>h;hh;hpp;hxx;h++;hm;inl;inc;ipp;xsd</Extensions>
    </Filter>
    <Filter Include="Resource Files">
      <UniqueIdentifier>{67DA6AB6-F800-4c08-8B7A-83BB121AAD01}</UniqueIdentifier>
      <Extensions>rc;ico;cur;bmp;dlg;rc2;rct;bin;rgs;gif;jpg;jpeg;jpe;resx;tiff;tif;png;wav;mfcribbon-ms</Extensions>
    </Filter>
    <Filter Include="Resource Files\Shaders">
      <UniqueIdentifier>{e4e01f6e-282d-4f75-9954-4b13c8d06497}</UniqueIdentifier>
    </Filter>
    <Filter Include="Resource Files\Textures">
      <UniqueIdentifier>{c710a9ec-4330-4571-a314-528aef43e205}</UniqueIdentifier>
    </Filter>
    <Filter Include="Resource Files\Mains">
      <UniqueIdentifier>{0dce1396-7176-4a8b-b6f5-34bc5a6f9745}</UniqueIdentifier>
    </Filter>
    <Filter Include="Resource Files\Shaders\4.10. Instancing">
      <UniqueIdentifier>{01ce59ab-8de4-4a0f-b59b-7edf45ae36eb}</UniqueIdentifier>
    </Filter>
    <Filter Include="Resource Files\Shaders\4.11. Anti Aliasing">
      <UniqueIdentifier>{3d082d90-46b9-48c3-bf96-96dd1258cfa0}</UniqueIdentifier>
    </Filter>
    <Filter Include="Resource Files\Shaders\5.1. Blinn-Phong">
      <UniqueIdentifier>{e80e0019-b25a-4c6e-b367-9638526d0cd8}</UniqueIdentifier>
    </Filter>
    <Filter Include="Resource Files\Shaders\5.2. Gamma correction">
      <UniqueIdentifier>{22e31670-09da-41b8-b6af-7d611603a2da}</UniqueIdentifier>
    </Filter>
    <Filter Include="Resource Files\Shaders\5.4. Normal mapping">
      <UniqueIdentifier>{216a9e88-d150-4440-b281-0a20f8357a0d}</UniqueIdentifier>
    </Filter>
    <Filter Include="Resource Files\Shaders\5.3.2. Point shadows">
      <UniqueIdentifier>{dea92839-263a-4db9-bde9-2b9ccfa0ac05}</UniqueIdentifier>
    </Filter>
    <Filter Include="Resource Files\Shaders\5.5. Parallax mapping">
      <UniqueIdentifier>{e163b8d3-4867-4282-be66-091129ff699d}</UniqueIdentifier>
    </Filter>
    <Filter Include="Resource Files\Shaders\5.6. HDR">
      <UniqueIdentifier>{bd0bfacc-1dbc-416a-83d9-09cab96ad254}</UniqueIdentifier>
    </Filter>
    <Filter Include="Resource Files\Shaders\5.7. Bloom">
      <UniqueIdentifier>{a4593b01-b0b4-4799-b3e6-e01e4fa0cc06}</UniqueIdentifier>
    </Filter>
  </ItemGroup>
  <ItemGroup>
    <ClCompile Include="glad.c">
      <Filter>Source Files</Filter>
    </ClCompile>
    <ClCompile Include="Main.cpp">
      <Filter>Source Files</Filter>
    </ClCompile>
    <ClCompile Include="stb.cpp">
      <Filter>Source Files</Filter>
    </ClCompile>
  </ItemGroup>
  <ItemGroup>
    <None Include="default.vert">
      <Filter>Resource Files\Shaders</Filter>
    </None>
    <None Include="default.frag">
      <Filter>Resource Files\Shaders</Filter>
    </None>
    <None Include="light.frag">
      <Filter>Resource Files\Shaders</Filter>
    </None>
    <None Include="light.vert">
      <Filter>Resource Files\Shaders</Filter>
    </None>
    <None Include="modelLoading.vert">
      <Filter>Resource Files\Shaders</Filter>
    </None>
    <None Include="modelLoading.frag">
      <Filter>Resource Files\Shaders</Filter>
    </None>
    <None Include="depthBuffer.frag">
      <Filter>Resource Files\Shaders</Filter>
    </None>
    <None Include="stencilTesting.vert">
      <Filter>Resource Files\Shaders</Filter>
    </None>
    <None Include="stencilTesting.frag">
      <Filter>Resource Files\Shaders</Filter>
    </None>
    <None Include="stencilTestingFlatColor.frag">
      <Filter>Resource Files\Shaders</Filter>
    </None>
    <None Include="blending.frag">
      <Filter>Resource Files\Shaders</Filter>
    </None>
    <None Include="blending.vert">
      <Filter>Resource Files\Shaders</Filter>
    </None>
    <None Include="framebufferScreen.vert">
      <Filter>Resource Files\Shaders</Filter>
    </None>
    <None Include="framebufferScreen.frag">
      <Filter>Resource Files\Shaders</Filter>
    </None>
    <None Include="cubemap.vert">
      <Filter>Resource Files\Shaders</Filter>
    </None>
    <None Include="cubemap.frag">
      <Filter>Resource Files\Shaders</Filter>
    </None>
    <None Include="skybox.vert">
      <Filter>Resource Files\Shaders</Filter>
    </None>
    <None Include="skybox.frag">
      <Filter>Resource Files\Shaders</Filter>
    </None>
    <None Include="advancedGLSL.vert">
      <Filter>Resource Files\Shaders</Filter>
    </None>
    <None Include="red.frag">
      <Filter>Resource Files\Shaders</Filter>
    </None>
    <None Include="green.frag">
      <Filter>Resource Files\Shaders</Filter>
    </None>
    <None Include="blue.frag">
      <Filter>Resource Files\Shaders</Filter>
    </None>
    <None Include="yellow.frag">
      <Filter>Resource Files\Shaders</Filter>
    </None>
    <None Include="normalVisualization.vert">
      <Filter>Resource Files\Shaders</Filter>
    </None>
    <None Include="normalVisualization.frag">
      <Filter>Resource Files\Shaders</Filter>
    </None>
    <None Include="normalVisualization.geom">
      <Filter>Resource Files\Shaders</Filter>
    </None>
    <None Include="planet.vert">
      <Filter>Resource Files\Shaders\4.10. Instancing</Filter>
    </None>
    <None Include="planet.frag">
      <Filter>Resource Files\Shaders\4.10. Instancing</Filter>
    </None>
    <None Include="asteroid.vert">
      <Filter>Resource Files\Shaders\4.10. Instancing</Filter>
    </None>
    <None Include="asteroid.frag">
      <Filter>Resource Files\Shaders\4.10. Instancing</Filter>
    </None>
    <None Include="4.10. Instancing.txt">
      <Filter>Resource Files\Mains</Filter>
    </None>
    <None Include="antiAliasing.vert">
      <Filter>Resource Files\Shaders\4.11. Anti Aliasing</Filter>
    </None>
    <None Include="antiAliasing.frag">
      <Filter>Resource Files\Shaders\4.11. Anti Aliasing</Filter>
    </None>
    <None Include="AAPost.vert">
      <Filter>Resource Files\Shaders\4.11. Anti Aliasing</Filter>
    </None>
    <None Include="AAPost.frag">
      <Filter>Resource Files\Shaders\4.11. Anti Aliasing</Filter>
    </None>
    <None Include="4.11. Anti aliasing.txt">
      <Filter>Resource Files\Mains</Filter>
    </None>
    <None Include="blinnPhong.vert">
      <Filter>Resource Files\Shaders\5.1. Blinn-Phong</Filter>
    </None>
    <None Include="blinnPhong.frag">
      <Filter>Resource Files\Shaders\5.1. Blinn-Phong</Filter>
    </None>
    <None Include="gammaCorrection.vert">
      <Filter>Resource Files\Shaders\5.2. Gamma correction</Filter>
    </None>
    <None Include="gammaCorrection.frag">
      <Filter>Resource Files\Shaders\5.2. Gamma correction</Filter>
    </None>
    <None Include="pointShadows.vert">
      <Filter>Resource Files\Shaders\5.3.2. Point shadows</Filter>
    </None>
    <None Include="pointShadows.frag">
      <Filter>Resource Files\Shaders\5.3.2. Point shadows</Filter>
    </None>
    <None Include="pointShadowsDepthBuffer.vert">
      <Filter>Resource Files\Shaders\5.3.2. Point shadows</Filter>
    </None>
    <None Include="pointShadowsDepthBuffer.frag">
      <Filter>Resource Files\Shaders\5.3.2. Point shadows</Filter>
    </None>
    <None Include="pointShadowsDepthBuffer.geom">
      <Filter>Resource Files\Shaders\5.3.2. Point shadows</Filter>
    </None>
    <None Include="normalMapping.vert">
      <Filter>Resource Files\Shaders\5.4. Normal mapping</Filter>
    </None>
    <None Include="normalMapping.frag">
      <Filter>Resource Files\Shaders\5.4. Normal mapping</Filter>
    </None>
    <None Include="parallaxMapping.vert">
      <Filter>Resource Files\Shaders\5.5. Parallax mapping</Filter>
    </None>
    <None Include="parallaxMapping.frag">
      <Filter>Resource Files\Shaders\5.5. Parallax mapping</Filter>
    </None>
    <None Include="HDRLighting.vert">
      <Filter>Resource Files\Shaders\5.6. HDR</Filter>
    </None>
    <None Include="HDRLighting.frag">
      <Filter>Resource Files\Shaders\5.6. HDR</Filter>
    </None>
    <None Include="HDR.vert">
      <Filter>Resource Files\Shaders\5.6. HDR</Filter>
    </None>
    <None Include="HDR.frag">
      <Filter>Resource Files\Shaders\5.6. HDR</Filter>
    </None>
    <None Include="Bloom.vert">
      <Filter>Resource Files\Shaders\5.7. Bloom</Filter>
    </None>
    <None Include="Bloom.frag">
      <Filter>Resource Files\Shaders\5.7. Bloom</Filter>
    </None>
    <None Include="lightBox.frag">
      <Filter>Resource Files\Shaders\5.7. Bloom</Filter>
    </None>
    <None Include="Blur.vert">
      <Filter>Resource Files\Shaders\5.7. Bloom</Filter>
    </None>
    <None Include="Blur.frag">
      <Filter>Resource Files\Shaders\5.7. Bloom</Filter>
    </None>
    <None Include="bloomFinal.vert">
      <Filter>Resource Files\Shaders\5.7. Bloom</Filter>
    </None>
    <None Include="bloomFinal.frag">
      <Filter>Resource Files\Shaders\5.7. Bloom</Filter>
    </None>
  </ItemGroup>
  <ItemGroup>
    <ClInclude Include="Shader.h">
      <Filter>Header Files</Filter>
    </ClInclude>
    <ClInclude Include="Camera.h">
      <Filter>Header Files</Filter>
    </ClInclude>
    <ClInclude Include="Model.h">
      <Filter>Header Files</Filter>
    </ClInclude>
    <ClInclude Include="Mesh.h">
      <Filter>Header Files</Filter>
    </ClInclude>
  </ItemGroup>
  <ItemGroup>
    <Image Include="resources\textures\marble.jpg">
      <Filter>Resource Files\Textures</Filter>
    </Image>
    <Image Include="resources\textures\metal.png">
      <Filter>Resource Files\Textures</Filter>
    </Image>
    <Image Include="resources\textures\window.png">
      <Filter>Resource Files\Textures</Filter>
    </Image>
    <Image Include="resources\textures\container2.png">
      <Filter>Resource Files\Textures</Filter>
    </Image>
    <Image Include="resources\textures\container2_specular.png">
      <Filter>Resource Files\Textures</Filter>
    </Image>
    <Image Include="resources\textures\wood.png">
      <Filter>Resource Files\Textures</Filter>
    </Image>
    <Image Include="resources\textures\brickwall.jpg">
      <Filter>Resource Files\Textures</Filter>
    </Image>
    <Image Include="resources\textures\brickwall_normal.jpg">
      <Filter>Resource Files\Textures</Filter>
    </Image>
    <Image Include="resources\textures\bricks2.jpg">
      <Filter>Resource Files\Textures</Filter>
    </Image>
    <Image Include="resources\textures\bricks2_disp.jpg">
      <Filter>Resource Files\Textures</Filter>
    </Image>
    <Image Include="resources\textures\bricks2_normal.jpg">
      <Filter>Resource Files\Textures</Filter>
    </Image>
  </ItemGroup>
  <ItemGroup>
    <Text Include="1. - 2. Getting_started_and_Lighting.txt">
      <Filter>Resource Files\Mains</Filter>
    </Text>
    <Text Include="3. Model_loading.txt">
      <Filter>Resource Files\Mains</Filter>
    </Text>
    <Text Include="4.1. - 4.2. Stencil_testing.txt">
      <Filter>Resource Files\Mains</Filter>
    </Text>
    <Text Include="4.3. - 4.4. Blending_and_Face_culling.txt">
      <Filter>Resource Files\Mains</Filter>
    </Text>
    <Text Include="4.5. Framebuffer_and_Post_processing.txt">
      <Filter>Resource Files\Mains</Filter>
    </Text>
    <Text Include="4.6. Cubemaps.txt">
      <Filter>Resource Files\Mains</Filter>
    </Text>
    <Text Include="4.8. Advanced_GLSL.txt">
      <Filter>Resource Files\Mains</Filter>
    </Text>
    <Text Include="4.9. Geometry_shader.txt">
      <Filter>Resource Files\Mains</Filter>
    </Text>
    <Text Include="5.1. Blinn-Phong.txt">
      <Filter>Resource Files\Mains</Filter>
    </Text>
    <Text Include="5.2. Gamma correction.txt">
      <Filter>Resource Files\Mains</Filter>
    </Text>
    <Text Include="5.3.2. Point shadows.txt">
      <Filter>Resource Files\Mains</Filter>
    </Text>
    <Text Include="5.4. Normal mapping.txt">
      <Filter>Resource Files\Mains</Filter>
    </Text>
    <Text Include="5.5. Parallax mapping.txt">
      <Filter>Resource Files\Mains</Filter>
    </Text>
    <Text Include="5.6. HDR.txt">
      <Filter>Resource Files\Mains</Filter>
    </Text>
  </ItemGroup>
</Project>